- img-lg: "/images/work/alltel/alltel-01-700.jpg"
  img-ml: "/images/work/alltel/alltel-01-500.jpg"
  img-md: "/images/work/alltel/alltel-01-300.jpg"
  img-sm: "/images/work/alltel/alltel-01-200.jpg"
  title: "Title screen"

- img-lg: "/images/work/alltel/alltel-02-700.jpg"
  img-ml: "/images/work/alltel/alltel-02-500.jpg"
  img-md: "/images/work/alltel/alltel-02-300.jpg"
  img-sm: "/images/work/alltel/alltel-02-200.jpg"
  title: "Level selection"

- img-lg: "/images/work/alltel/alltel-03-700.jpg"
  img-ml: "/images/work/alltel/alltel-03-500.jpg"
  img-md: "/images/work/alltel/alltel-03-300.jpg"
  img-sm: "/images/work/alltel/alltel-03-200.jpg"
  title: "Character selection"

- img-lg: "/images/work/alltel/alltel-04-700.jpg"
  img-ml: "/images/work/alltel/alltel-04-500.jpg"
  img-md: "/images/work/alltel/alltel-04-300.jpg"
  img-sm: "/images/work/alltel/alltel-04-200.jpg"
  title: "Level start"

- img-lg: "/images/work/alltel/alltel-05-700.jpg"
  img-ml: "/images/work/alltel/alltel-05-500.jpg"
  img-md: "/images/work/alltel/alltel-05-300.jpg"
  img-sm: "/images/work/alltel/alltel-05-200.jpg"
  title: "Game play"

- img-lg: "/images/work/alltel/alltel-06-700.jpg"
  img-ml: "/images/work/alltel/alltel-06-500.jpg"
  img-md: "/images/work/alltel/alltel-06-300.jpg"
  img-sm: "/images/work/alltel/alltel-06-200.jpg"
  title: "Scoreboard"
